PODS:
  - Alamofire (3.4.0)
  - BrightFutures (4.0.1):
    - Result (~> 2.0)
  - Kingfisher (2.4.1)
  - Result (2.0.0)
  - SwiftyJSON (2.3.2)

DEPENDENCIES:
  - Alamofire (~> 3.4)
  - BrightFutures
  - Kingfisher (~> 2.4)
  - SwiftyJSON (from `https://github.com/SwiftyJSON/SwiftyJSON.git`)

EXTERNAL SOURCES:
  SwiftyJSON:
    :git: https://github.com/SwiftyJSON/SwiftyJSON.git

CHECKOUT OPTIONS:
  SwiftyJSON:
    :commit: 2a5b70f06001316d4fb54501edc70b4084705da0
    :git: https://github.com/SwiftyJSON/SwiftyJSON.git

SPEC CHECKSUMS:
  Alamofire: c19a627cefd6a95f840401c49ab1f124e07f54ee
  BrightFutures: 786ff7d16e620eb777cf802e545ef7d6237d77f6
  Kingfisher: 41aed5b6c1ed8fa98cf6d75283ce89cf7890f517
  Result: 9e75e1111c774c6ac594e14907b15057053a7959
  SwiftyJSON: 04ccea08915aa0109039157c7974cf0298da292a

COCOAPODS: 0.39.0
